# This file is automatically @generated by Cargo.
# It is not intended for manual editing.
[[package]]
name = "gpt"
version = "0.1.0"
dependencies = [
 "uuid",
]

[[package]]
name = "uuid"
version = "0.8.1"
source = "registry+https://github.com/rust-lang/crates.io-index"
checksum = "9fde2f6a4bea1d6e007c4ad38c6839fa71cbb63b6dbf5b595aa38dc9b1093c11"
