# This file is automatically @generated by Cargo.
# It is not intended for manual editing.
version = 3

[[package]]
name = "bit_field"
version = "0.10.2"
source = "registry+https://github.com/rust-lang/crates.io-index"
checksum = "dc827186963e592360843fb5ba4b973e145841266c1357f7180c43526f2e5b61"

[[package]]
name = "mycelium-bitfield"
version = "0.1.5"
source = "registry+https://github.com/rust-lang/crates.io-index"
checksum = "24e0cc5e2c585acbd15c5ce911dff71e1f4d5313f43345873311c4f5efd741cc"

[[package]]
name = "usb"
version = "0.1.0"
dependencies = [
 "bit_field",
 "mycelium-bitfield",
]
