# This file is automatically @generated by Cargo.
# It is not intended for manual editing.
version = 4

[[package]]
name = "bit_field"
version = "0.10.2"
source = "registry+https://github.com/rust-lang/crates.io-index"
checksum = "dc827186963e592360843fb5ba4b973e145841266c1357f7180c43526f2e5b61"

[[package]]
name = "bitflags"
version = "2.5.0"
source = "registry+https://github.com/rust-lang/crates.io-index"
checksum = "cf4b9d6a944f767f8e5e0db018570623c85f3d925ac718db4e06d0187adb21c1"

[[package]]
name = "mycelium-bitfield"
version = "0.1.5"
source = "registry+https://github.com/rust-lang/crates.io-index"
checksum = "24e0cc5e2c585acbd15c5ce911dff71e1f4d5313f43345873311c4f5efd741cc"

[[package]]
name = "virtio"
version = "0.1.0"
dependencies = [
 "bit_field",
 "bitflags",
 "mycelium-bitfield",
 "volatile",
]

[[package]]
name = "volatile"
version = "0.1.0"
