# This file is automatically @generated by Cargo.
# It is not intended for manual editing.
version = 3

[[package]]
name = "anyhow"
version = "1.0.42"
source = "registry+https://github.com/rust-lang/crates.io-index"
checksum = "595d3cfa7a60d4555cb5067b99f07142a08ea778de5cf993f7b75c7d8fabc486"

[[package]]
name = "xflags"
version = "0.2.3"
source = "registry+https://github.com/rust-lang/crates.io-index"
checksum = "2c2854f07e689d7388420d1c73512073630df31ec5ddf18554f64aea0ae73775"
dependencies = [
 "xflags-macros",
]

[[package]]
name = "xflags-macros"
version = "0.2.3"
source = "registry+https://github.com/rust-lang/crates.io-index"
checksum = "da260301476ad19a4733a0e930db8227a48ea04561e235a5102978145ec69fcc"

[[package]]
name = "xtask"
version = "0.1.0"
dependencies = [
 "anyhow",
 "xflags",
]
