# This file is automatically @generated by Cargo.
# It is not intended for manual editing.
[[package]]
name = "ptah"
version = "0.0.0"
dependencies = [
 "serde",
]

[[package]]
name = "serde"
version = "1.0.110"
source = "registry+https://github.com/rust-lang/crates.io-index"
checksum = "99e7b308464d16b56eba9964e4972a3eee817760ab60d88c3f86e1fecb08204c"
