# This file is automatically @generated by Cargo.
# It is not intended for manual editing.
version = 4

[[package]]
name = "bit_field"
version = "0.10.0"
source = "registry+https://github.com/rust-lang/crates.io-index"
checksum = "a165d606cf084741d4ac3a28fb6e9b1eb0bd31f6cd999098cfddb0b2ab381dc0"

[[package]]
name = "font8x8"
version = "0.2.5"
source = "registry+https://github.com/rust-lang/crates.io-index"
checksum = "44226c40489fb1d602344a1d8f1b544570c3435e396dda1eda7b5ef010d8f1be"

[[package]]
name = "gfxconsole"
version = "0.1.0"
dependencies = [
 "bit_field",
 "font8x8",
]
