# This file is automatically @generated by Cargo.
# It is not intended for manual editing.
version = 3

[[package]]
name = "autocfg"
version = "1.0.1"
source = "registry+https://github.com/rust-lang/crates.io-index"
checksum = "cdb031dd78e28731d87d56cc8ffef4a8f36ca26c38fe2de700543e627f8a464a"

[[package]]
name = "bit_field"
version = "0.10.1"
source = "registry+https://github.com/rust-lang/crates.io-index"
checksum = "dcb6dd1c2376d2e096796e234a70e17e94cc2d5d54ff8ce42b28cef1d0d359a4"

[[package]]
name = "cfg-if"
version = "0.1.10"
source = "registry+https://github.com/rust-lang/crates.io-index"
checksum = "4785bdd1c96b2a846b2bd7cc02e86b6b3dbf14e7e53446c4f54c92a361040822"

[[package]]
name = "cfg-if"
version = "1.0.0"
source = "registry+https://github.com/rust-lang/crates.io-index"
checksum = "baf1de4339761588bc0619e3cbc0120ee582ebb74b53b4efbf79117bd2da40fd"

[[package]]
name = "echo"
version = "0.1.0"
dependencies = [
 "libpebble",
 "log",
]

[[package]]
name = "font8x8"
version = "0.2.7"
source = "registry+https://github.com/rust-lang/crates.io-index"
checksum = "e63201c624b8c8883921b1a1accc8916c4fa9dbfb15d122b26e4dde945b86bbf"

[[package]]
name = "gfxconsole"
version = "0.1.0"
dependencies = [
 "bit_field",
 "font8x8",
]

[[package]]
name = "libpebble"
version = "0.3.0"
dependencies = [
 "cfg-if 0.1.10",
 "log",
 "pci_types 0.2.0 (registry+https://github.com/rust-lang/crates.io-index)",
 "ptah",
]

[[package]]
name = "linked_list_allocator"
version = "0.9.0"
source = "registry+https://github.com/rust-lang/crates.io-index"
checksum = "d0b725207570aa16096962d0b20c79f8a543df2280bd3c903022b9b0b4d7ea68"
dependencies = [
 "spinning_top",
]

[[package]]
name = "lock_api"
version = "0.4.5"
source = "registry+https://github.com/rust-lang/crates.io-index"
checksum = "712a4d093c9976e24e7dbca41db895dabcbac38eb5f4045393d17a95bdfb1109"
dependencies = [
 "scopeguard",
]

[[package]]
name = "log"
version = "0.4.14"
source = "registry+https://github.com/rust-lang/crates.io-index"
checksum = "51b9bbe6c47d51fc3e1a9b945965946b4c44142ab8792c50835a980d362c2710"
dependencies = [
 "cfg-if 1.0.0",
]

[[package]]
name = "num-traits"
version = "0.2.14"
source = "registry+https://github.com/rust-lang/crates.io-index"
checksum = "9a64b1ec5cda2586e284722486d802acf1f7dbdc623e2bfc57e65ca1cd099290"
dependencies = [
 "autocfg",
]

[[package]]
name = "pci_bus"
version = "0.1.0"
dependencies = [
 "libpebble",
 "linked_list_allocator",
 "log",
 "pci_types 0.2.0",
 "platform_bus",
 "ptah",
]

[[package]]
name = "pci_types"
version = "0.2.0"
dependencies = [
 "bit_field",
]

[[package]]
name = "pci_types"
version = "0.2.0"
source = "registry+https://github.com/rust-lang/crates.io-index"
checksum = "b0543761ad4cb3a4aa1ad9d3082cb40253e69b2ec288dbd4bcb4492e8de6fb07"
dependencies = [
 "bit_field",
]

[[package]]
name = "pebble_util"
version = "0.1.0"
dependencies = [
 "bit_field",
 "cfg-if 0.1.10",
 "num-traits",
]

[[package]]
name = "platform_bus"
version = "0.1.0"
dependencies = [
 "libpebble",
 "linked_list_allocator",
 "log",
 "ptah",
]

[[package]]
name = "proc-macro2"
version = "1.0.29"
source = "registry+https://github.com/rust-lang/crates.io-index"
checksum = "b9f5105d4fdaab20335ca9565e106a5d9b82b6219b5ba735731124ac6711d23d"
dependencies = [
 "unicode-xid",
]

[[package]]
name = "ptah"
version = "0.1.0"
dependencies = [
 "ptah_derive",
]

[[package]]
name = "ptah_derive"
version = "0.1.0"
source = "registry+https://github.com/rust-lang/crates.io-index"
checksum = "120c5f0e4963cb4367c98c8416fc5d6475521bd3d4f53ba27241d3345ab55009"
dependencies = [
 "proc-macro2",
 "quote",
 "syn",
]

[[package]]
name = "quote"
version = "1.0.9"
source = "registry+https://github.com/rust-lang/crates.io-index"
checksum = "c3d0b9745dc2debf507c8422de05d7226cc1f0644216dfdfead988f9b1ab32a7"
dependencies = [
 "proc-macro2",
]

[[package]]
name = "scopeguard"
version = "1.1.0"
source = "registry+https://github.com/rust-lang/crates.io-index"
checksum = "d29ab0c6d3fc0ee92fe66e2d99f700eab17a8d57d1c1d3b748380fb20baa78cd"

[[package]]
name = "simple_fb"
version = "0.1.0"
dependencies = [
 "gfxconsole",
 "libpebble",
 "linked_list_allocator",
 "log",
 "ptah",
]

[[package]]
name = "spinning_top"
version = "0.2.4"
source = "registry+https://github.com/rust-lang/crates.io-index"
checksum = "75adad84ee84b521fb2cca2d4fd0f1dab1d8d026bda3c5bea4ca63b5f9f9293c"
dependencies = [
 "lock_api",
]

[[package]]
name = "syn"
version = "1.0.76"
source = "registry+https://github.com/rust-lang/crates.io-index"
checksum = "c6f107db402c2c2055242dbf4d2af0e69197202e9faacbef9571bbe47f5a1b84"
dependencies = [
 "proc-macro2",
 "quote",
 "unicode-xid",
]

[[package]]
name = "test1"
version = "0.1.0"
dependencies = [
 "libpebble",
 "linked_list_allocator",
 "log",
]

[[package]]
name = "test2"
version = "0.1.0"
dependencies = [
 "libpebble",
 "linked_list_allocator",
 "log",
]

[[package]]
name = "test_pf"
version = "0.1.0"
dependencies = [
 "libpebble",
 "linked_list_allocator",
 "log",
]

[[package]]
name = "test_tls"
version = "0.1.0"
dependencies = [
 "libpebble",
 "linked_list_allocator",
 "log",
]

[[package]]
name = "unicode-xid"
version = "0.2.2"
source = "registry+https://github.com/rust-lang/crates.io-index"
checksum = "8ccb82d61f80a663efe1f787a51b16b5a51e3314d6ac365b08639f52387b33f3"

[[package]]
name = "usb_bus_xhci"
version = "0.1.0"
dependencies = [
 "bit_field",
 "libpebble",
 "linked_list_allocator",
 "log",
 "pebble_util",
 "platform_bus",
 "ptah",
]
